
Microsoft Visual Studio Solution File, Format Version 12.00
# Visual Studio Version 17
VisualStudioVersion = 17.2.32630.192
MinimumVisualStudioVersion = 10.0.40219.1
Project("{9A19103F-16F7-4668-BE54-9A1E7A4F7556}") = "R5T.T0195", "R5T.T0195\R5T.T0195.csproj", "{37737288-63F4-4988-A243-AB24AD006B0E}"
EndProject
Project("{2150E333-8FDC-42A3-9474-1A3956D46DE8}") = "_Dependencies", "_Dependencies", "{3A5BC722-0481-41C3-A210-8B762E5521D1}"
EndProject
Project("{9A19103F-16F7-4668-BE54-9A1E7A4F7556}") = "R5T.T0132", "..\..\R5T.T0132\source\R5T.T0132\R5T.T0132.csproj", "{E7F0DD22-35E5-4B9B-868D-EEC2F03E8D69}"
EndProject
Project("{9A19103F-16F7-4668-BE54-9A1E7A4F7556}") = "R5T.T0142", "..\..\R5T.T0142\source\R5T.T0142\R5T.T0142.csproj", "{2AFA55A6-8A47-4270-B811-8C59EC5A81A2}"
EndProject
Project("{9A19103F-16F7-4668-BE54-9A1E7A4F7556}") = "R5T.T0143", "..\..\R5T.T0143\source\R5T.T0143\R5T.T0143.csproj", "{79D91275-49AE-4752-BC7C-53BBA8BD75DD}"
EndProject
Project("{9A19103F-16F7-4668-BE54-9A1E7A4F7556}") = "R5T.T0150", "..\..\R5T.T0150\source\R5T.T0150\R5T.T0150.csproj", "{7F9DA72A-2471-46E2-B9D7-F21E381B463A}"
EndProject
Project("{9A19103F-16F7-4668-BE54-9A1E7A4F7556}") = "R5T.T0151", "..\..\R5T.T0151\source\R5T.T0151\R5T.T0151.csproj", "{4DC63D70-48BF-4EC5-AF36-62EAF2051531}"
EndProject
Project("{9A19103F-16F7-4668-BE54-9A1E7A4F7556}") = "R5T.T0172", "..\..\R5T.T0172\source\R5T.T0172\R5T.T0172.csproj", "{31793B3F-88E3-4EAD-BD90-3C8246E8757B}"
EndProject
Project("{9A19103F-16F7-4668-BE54-9A1E7A4F7556}") = "R5T.T0178", "..\..\R5T.T0178\source\R5T.T0178\R5T.T0178.csproj", "{4635C106-424D-4059-98B8-3D82D39A0EFD}"
EndProject
Project("{9A19103F-16F7-4668-BE54-9A1E7A4F7556}") = "R5T.T0179", "..\..\R5T.T0179\source\R5T.T0179\R5T.T0179.csproj", "{CB4874A0-51D8-466B-A112-6EF5CF0528CA}"
EndProject
Project("{9A19103F-16F7-4668-BE54-9A1E7A4F7556}") = "R5T.T0180", "..\..\R5T.T0180\source\R5T.T0180\R5T.T0180.csproj", "{82C768E6-4F04-4505-8832-2DA5F9DC0424}"
EndProject
Project("{9A19103F-16F7-4668-BE54-9A1E7A4F7556}") = "R5T.T0181", "..\..\R5T.T0181\source\R5T.T0181\R5T.T0181.csproj", "{ADF5C83F-4E7B-45CE-A45D-118931B4D32A}"
EndProject
Global
	GlobalSection(NestedProjects) = preSolution
		{E7F0DD22-35E5-4B9B-868D-EEC2F03E8D69} = {3A5BC722-0481-41C3-A210-8B762E5521D1}
		{2AFA55A6-8A47-4270-B811-8C59EC5A81A2} = {3A5BC722-0481-41C3-A210-8B762E5521D1}
		{79D91275-49AE-4752-BC7C-53BBA8BD75DD} = {3A5BC722-0481-41C3-A210-8B762E5521D1}
		{7F9DA72A-2471-46E2-B9D7-F21E381B463A} = {3A5BC722-0481-41C3-A210-8B762E5521D1}
		{4DC63D70-48BF-4EC5-AF36-62EAF2051531} = {3A5BC722-0481-41C3-A210-8B762E5521D1}
		{31793B3F-88E3-4EAD-BD90-3C8246E8757B} = {3A5BC722-0481-41C3-A210-8B762E5521D1}
		{4635C106-424D-4059-98B8-3D82D39A0EFD} = {3A5BC722-0481-41C3-A210-8B762E5521D1}
		{CB4874A0-51D8-466B-A112-6EF5CF0528CA} = {3A5BC722-0481-41C3-A210-8B762E5521D1}
		{82C768E6-4F04-4505-8832-2DA5F9DC0424} = {3A5BC722-0481-41C3-A210-8B762E5521D1}
		{ADF5C83F-4E7B-45CE-A45D-118931B4D32A} = {3A5BC722-0481-41C3-A210-8B762E5521D1}
	EndGlobalSection
	GlobalSection(SolutionConfigurationPlatforms) = preSolution
		Debug|Any CPU = Debug|Any CPU
		Release|Any CPU = Release|Any CPU
	EndGlobalSection
	GlobalSection(ProjectConfigurationPlatforms) = postSolution
		{37737288-63F4-4988-A243-AB24AD006B0E}.Debug|Any CPU.ActiveCfg = Debug|Any CPU
		{37737288-63F4-4988-A243-AB24AD006B0E}.Debug|Any CPU.Build.0 = Debug|Any CPU
		{37737288-63F4-4988-A243-AB24AD006B0E}.Release|Any CPU.ActiveCfg = Release|Any CPU
		{37737288-63F4-4988-A243-AB24AD006B0E}.Release|Any CPU.Build.0 = Release|Any CPU
		{E7F0DD22-35E5-4B9B-868D-EEC2F03E8D69}.Debug|Any CPU.ActiveCfg = Debug|Any CPU
		{E7F0DD22-35E5-4B9B-868D-EEC2F03E8D69}.Debug|Any CPU.Build.0 = Debug|Any CPU
		{E7F0DD22-35E5-4B9B-868D-EEC2F03E8D69}.Release|Any CPU.ActiveCfg = Release|Any CPU
		{E7F0DD22-35E5-4B9B-868D-EEC2F03E8D69}.Release|Any CPU.Build.0 = Release|Any CPU
		{2AFA55A6-8A47-4270-B811-8C59EC5A81A2}.Debug|Any CPU.ActiveCfg = Debug|Any CPU
		{2AFA55A6-8A47-4270-B811-8C59EC5A81A2}.Debug|Any CPU.Build.0 = Debug|Any CPU
		{2AFA55A6-8A47-4270-B811-8C59EC5A81A2}.Release|Any CPU.ActiveCfg = Release|Any CPU
		{2AFA55A6-8A47-4270-B811-8C59EC5A81A2}.Release|Any CPU.Build.0 = Release|Any CPU
		{79D91275-49AE-4752-BC7C-53BBA8BD75DD}.Debug|Any CPU.ActiveCfg = Debug|Any CPU
		{79D91275-49AE-4752-BC7C-53BBA8BD75DD}.Debug|Any CPU.Build.0 = Debug|Any CPU
		{79D91275-49AE-4752-BC7C-53BBA8BD75DD}.Release|Any CPU.ActiveCfg = Release|Any CPU
		{79D91275-49AE-4752-BC7C-53BBA8BD75DD}.Release|Any CPU.Build.0 = Release|Any CPU
		{7F9DA72A-2471-46E2-B9D7-F21E381B463A}.Debug|Any CPU.ActiveCfg = Debug|Any CPU
		{7F9DA72A-2471-46E2-B9D7-F21E381B463A}.Debug|Any CPU.Build.0 = Debug|Any CPU
		{7F9DA72A-2471-46E2-B9D7-F21E381B463A}.Release|Any CPU.ActiveCfg = Release|Any CPU
		{7F9DA72A-2471-46E2-B9D7-F21E381B463A}.Release|Any CPU.Build.0 = Release|Any CPU
		{4DC63D70-48BF-4EC5-AF36-62EAF2051531}.Debug|Any CPU.ActiveCfg = Debug|Any CPU
		{4DC63D70-48BF-4EC5-AF36-62EAF2051531}.Debug|Any CPU.Build.0 = Debug|Any CPU
		{4DC63D70-48BF-4EC5-AF36-62EAF2051531}.Release|Any CPU.ActiveCfg = Release|Any CPU
		{4DC63D70-48BF-4EC5-AF36-62EAF2051531}.Release|Any CPU.Build.0 = Release|Any CPU
		{31793B3F-88E3-4EAD-BD90-3C8246E8757B}.Debug|Any CPU.ActiveCfg = Debug|Any CPU
		{31793B3F-88E3-4EAD-BD90-3C8246E8757B}.Debug|Any CPU.Build.0 = Debug|Any CPU
		{31793B3F-88E3-4EAD-BD90-3C8246E8757B}.Release|Any CPU.ActiveCfg = Release|Any CPU
		{31793B3F-88E3-4EAD-BD90-3C8246E8757B}.Release|Any CPU.Build.0 = Release|Any CPU
		{4635C106-424D-4059-98B8-3D82D39A0EFD}.Debug|Any CPU.ActiveCfg = Debug|Any CPU
		{4635C106-424D-4059-98B8-3D82D39A0EFD}.Debug|Any CPU.Build.0 = Debug|Any CPU
		{4635C106-424D-4059-98B8-3D82D39A0EFD}.Release|Any CPU.ActiveCfg = Release|Any CPU
		{4635C106-424D-4059-98B8-3D82D39A0EFD}.Release|Any CPU.Build.0 = Release|Any CPU
		{CB4874A0-51D8-466B-A112-6EF5CF0528CA}.Debug|Any CPU.ActiveCfg = Debug|Any CPU
		{CB4874A0-51D8-466B-A112-6EF5CF0528CA}.Debug|Any CPU.Build.0 = Debug|Any CPU
		{CB4874A0-51D8-466B-A112-6EF5CF0528CA}.Release|Any CPU.ActiveCfg = Release|Any CPU
		{CB4874A0-51D8-466B-A112-6EF5CF0528CA}.Release|Any CPU.Build.0 = Release|Any CPU
		{82C768E6-4F04-4505-8832-2DA5F9DC0424}.Debug|Any CPU.ActiveCfg = Debug|Any CPU
		{82C768E6-4F04-4505-8832-2DA5F9DC0424}.Debug|Any CPU.Build.0 = Debug|Any CPU
		{82C768E6-4F04-4505-8832-2DA5F9DC0424}.Release|Any CPU.ActiveCfg = Release|Any CPU
		{82C768E6-4F04-4505-8832-2DA5F9DC0424}.Release|Any CPU.Build.0 = Release|Any CPU
		{ADF5C83F-4E7B-45CE-A45D-118931B4D32A}.Debug|Any CPU.ActiveCfg = Debug|Any CPU
		{ADF5C83F-4E7B-45CE-A45D-118931B4D32A}.Debug|Any CPU.Build.0 = Debug|Any CPU
		{ADF5C83F-4E7B-45CE-A45D-118931B4D32A}.Release|Any CPU.ActiveCfg = Release|Any CPU
		{ADF5C83F-4E7B-45CE-A45D-118931B4D32A}.Release|Any CPU.Build.0 = Release|Any CPU
	EndGlobalSection
	GlobalSection(SolutionProperties) = preSolution
		HideSolutionNode = FALSE
	EndGlobalSection
	GlobalSection(ExtensibilityGlobals) = postSolution
		SolutionGuid = {9BEB1BC1-7EF1-4CBF-9B19-BB128CDB6C24}
	EndGlobalSection
EndGlobal
