
Microsoft Visual Studio Solution File, Format Version 12.00
# Visual Studio Version 17
VisualStudioVersion = 17.2.32630.192
MinimumVisualStudioVersion = 10.0.40219.1
Project("{9A19103F-16F7-4668-BE54-9A1E7A4F7556}") = "R5T.T0195.Construction", "R5T.T0195.Construction\R5T.T0195.Construction.csproj", "{C1369432-4796-4EB3-AA63-C5D12C7E480A}"
EndProject
Project("{9A19103F-16F7-4668-BE54-9A1E7A4F7556}") = "R5T.T0195", "R5T.T0195\R5T.T0195.csproj", "{8688CAC1-BF58-498E-AD9C-10A5F72B4691}"
EndProject
Project("{2150E333-8FDC-42A3-9474-1A3956D46DE8}") = "_Dependencies", "_Dependencies", "{9E49CA1B-3C46-410B-9C9E-BB58954B59C5}"
EndProject
Project("{9A19103F-16F7-4668-BE54-9A1E7A4F7556}") = "R5T.T0132", "..\..\R5T.T0132\source\R5T.T0132\R5T.T0132.csproj", "{73271444-F09B-4706-AD11-2942FC27BB8E}"
EndProject
Project("{9A19103F-16F7-4668-BE54-9A1E7A4F7556}") = "R5T.T0142", "..\..\R5T.T0142\source\R5T.T0142\R5T.T0142.csproj", "{24DD10D6-3824-4B23-8055-BEEAFD1927B0}"
EndProject
Project("{9A19103F-16F7-4668-BE54-9A1E7A4F7556}") = "R5T.T0143", "..\..\R5T.T0143\source\R5T.T0143\R5T.T0143.csproj", "{9D9CDFD2-65A3-439A-A0A0-6C0A6A3A66C4}"
EndProject
Project("{9A19103F-16F7-4668-BE54-9A1E7A4F7556}") = "R5T.T0150", "..\..\R5T.T0150\source\R5T.T0150\R5T.T0150.csproj", "{FE19A2B9-96BC-48B5-8815-ABC4BF83C459}"
EndProject
Project("{9A19103F-16F7-4668-BE54-9A1E7A4F7556}") = "R5T.T0151", "..\..\R5T.T0151\source\R5T.T0151\R5T.T0151.csproj", "{E6E6FF29-8319-4CB3-9181-568DFF8A1361}"
EndProject
Project("{9A19103F-16F7-4668-BE54-9A1E7A4F7556}") = "R5T.T0172", "..\..\R5T.T0172\source\R5T.T0172\R5T.T0172.csproj", "{6A47F571-7F1F-4A46-A07B-1634A86CE488}"
EndProject
Project("{9A19103F-16F7-4668-BE54-9A1E7A4F7556}") = "R5T.T0178", "..\..\R5T.T0178\source\R5T.T0178\R5T.T0178.csproj", "{ADDD0118-BED2-446D-84C5-11DA1014D15C}"
EndProject
Project("{9A19103F-16F7-4668-BE54-9A1E7A4F7556}") = "R5T.T0179", "..\..\R5T.T0179\source\R5T.T0179\R5T.T0179.csproj", "{A966ADA8-24DF-4E76-941D-FAA51CAF678A}"
EndProject
Project("{9A19103F-16F7-4668-BE54-9A1E7A4F7556}") = "R5T.T0180", "..\..\R5T.T0180\source\R5T.T0180\R5T.T0180.csproj", "{23CCC57C-C4FD-4A7E-B90B-D094C6BFBA42}"
EndProject
Project("{9A19103F-16F7-4668-BE54-9A1E7A4F7556}") = "R5T.T0181", "..\..\R5T.T0181\source\R5T.T0181\R5T.T0181.csproj", "{09C7514E-1BD2-41F7-A7AE-6F8D2A6BED48}"
EndProject
Global
	GlobalSection(NestedProjects) = preSolution
		{73271444-F09B-4706-AD11-2942FC27BB8E} = {9E49CA1B-3C46-410B-9C9E-BB58954B59C5}
		{24DD10D6-3824-4B23-8055-BEEAFD1927B0} = {9E49CA1B-3C46-410B-9C9E-BB58954B59C5}
		{9D9CDFD2-65A3-439A-A0A0-6C0A6A3A66C4} = {9E49CA1B-3C46-410B-9C9E-BB58954B59C5}
		{FE19A2B9-96BC-48B5-8815-ABC4BF83C459} = {9E49CA1B-3C46-410B-9C9E-BB58954B59C5}
		{E6E6FF29-8319-4CB3-9181-568DFF8A1361} = {9E49CA1B-3C46-410B-9C9E-BB58954B59C5}
		{6A47F571-7F1F-4A46-A07B-1634A86CE488} = {9E49CA1B-3C46-410B-9C9E-BB58954B59C5}
		{ADDD0118-BED2-446D-84C5-11DA1014D15C} = {9E49CA1B-3C46-410B-9C9E-BB58954B59C5}
		{A966ADA8-24DF-4E76-941D-FAA51CAF678A} = {9E49CA1B-3C46-410B-9C9E-BB58954B59C5}
		{23CCC57C-C4FD-4A7E-B90B-D094C6BFBA42} = {9E49CA1B-3C46-410B-9C9E-BB58954B59C5}
		{09C7514E-1BD2-41F7-A7AE-6F8D2A6BED48} = {9E49CA1B-3C46-410B-9C9E-BB58954B59C5}
	EndGlobalSection
	GlobalSection(SolutionConfigurationPlatforms) = preSolution
		Debug|Any CPU = Debug|Any CPU
		Release|Any CPU = Release|Any CPU
	EndGlobalSection
	GlobalSection(ProjectConfigurationPlatforms) = postSolution
		{C1369432-4796-4EB3-AA63-C5D12C7E480A}.Debug|Any CPU.ActiveCfg = Debug|Any CPU
		{C1369432-4796-4EB3-AA63-C5D12C7E480A}.Debug|Any CPU.Build.0 = Debug|Any CPU
		{C1369432-4796-4EB3-AA63-C5D12C7E480A}.Release|Any CPU.ActiveCfg = Release|Any CPU
		{C1369432-4796-4EB3-AA63-C5D12C7E480A}.Release|Any CPU.Build.0 = Release|Any CPU
		{8688CAC1-BF58-498E-AD9C-10A5F72B4691}.Debug|Any CPU.ActiveCfg = Debug|Any CPU
		{8688CAC1-BF58-498E-AD9C-10A5F72B4691}.Debug|Any CPU.Build.0 = Debug|Any CPU
		{8688CAC1-BF58-498E-AD9C-10A5F72B4691}.Release|Any CPU.ActiveCfg = Release|Any CPU
		{8688CAC1-BF58-498E-AD9C-10A5F72B4691}.Release|Any CPU.Build.0 = Release|Any CPU
		{73271444-F09B-4706-AD11-2942FC27BB8E}.Debug|Any CPU.ActiveCfg = Debug|Any CPU
		{73271444-F09B-4706-AD11-2942FC27BB8E}.Debug|Any CPU.Build.0 = Debug|Any CPU
		{73271444-F09B-4706-AD11-2942FC27BB8E}.Release|Any CPU.ActiveCfg = Release|Any CPU
		{73271444-F09B-4706-AD11-2942FC27BB8E}.Release|Any CPU.Build.0 = Release|Any CPU
		{24DD10D6-3824-4B23-8055-BEEAFD1927B0}.Debug|Any CPU.ActiveCfg = Debug|Any CPU
		{24DD10D6-3824-4B23-8055-BEEAFD1927B0}.Debug|Any CPU.Build.0 = Debug|Any CPU
		{24DD10D6-3824-4B23-8055-BEEAFD1927B0}.Release|Any CPU.ActiveCfg = Release|Any CPU
		{24DD10D6-3824-4B23-8055-BEEAFD1927B0}.Release|Any CPU.Build.0 = Release|Any CPU
		{9D9CDFD2-65A3-439A-A0A0-6C0A6A3A66C4}.Debug|Any CPU.ActiveCfg = Debug|Any CPU
		{9D9CDFD2-65A3-439A-A0A0-6C0A6A3A66C4}.Debug|Any CPU.Build.0 = Debug|Any CPU
		{9D9CDFD2-65A3-439A-A0A0-6C0A6A3A66C4}.Release|Any CPU.ActiveCfg = Release|Any CPU
		{9D9CDFD2-65A3-439A-A0A0-6C0A6A3A66C4}.Release|Any CPU.Build.0 = Release|Any CPU
		{FE19A2B9-96BC-48B5-8815-ABC4BF83C459}.Debug|Any CPU.ActiveCfg = Debug|Any CPU
		{FE19A2B9-96BC-48B5-8815-ABC4BF83C459}.Debug|Any CPU.Build.0 = Debug|Any CPU
		{FE19A2B9-96BC-48B5-8815-ABC4BF83C459}.Release|Any CPU.ActiveCfg = Release|Any CPU
		{FE19A2B9-96BC-48B5-8815-ABC4BF83C459}.Release|Any CPU.Build.0 = Release|Any CPU
		{E6E6FF29-8319-4CB3-9181-568DFF8A1361}.Debug|Any CPU.ActiveCfg = Debug|Any CPU
		{E6E6FF29-8319-4CB3-9181-568DFF8A1361}.Debug|Any CPU.Build.0 = Debug|Any CPU
		{E6E6FF29-8319-4CB3-9181-568DFF8A1361}.Release|Any CPU.ActiveCfg = Release|Any CPU
		{E6E6FF29-8319-4CB3-9181-568DFF8A1361}.Release|Any CPU.Build.0 = Release|Any CPU
		{6A47F571-7F1F-4A46-A07B-1634A86CE488}.Debug|Any CPU.ActiveCfg = Debug|Any CPU
		{6A47F571-7F1F-4A46-A07B-1634A86CE488}.Debug|Any CPU.Build.0 = Debug|Any CPU
		{6A47F571-7F1F-4A46-A07B-1634A86CE488}.Release|Any CPU.ActiveCfg = Release|Any CPU
		{6A47F571-7F1F-4A46-A07B-1634A86CE488}.Release|Any CPU.Build.0 = Release|Any CPU
		{ADDD0118-BED2-446D-84C5-11DA1014D15C}.Debug|Any CPU.ActiveCfg = Debug|Any CPU
		{ADDD0118-BED2-446D-84C5-11DA1014D15C}.Debug|Any CPU.Build.0 = Debug|Any CPU
		{ADDD0118-BED2-446D-84C5-11DA1014D15C}.Release|Any CPU.ActiveCfg = Release|Any CPU
		{ADDD0118-BED2-446D-84C5-11DA1014D15C}.Release|Any CPU.Build.0 = Release|Any CPU
		{A966ADA8-24DF-4E76-941D-FAA51CAF678A}.Debug|Any CPU.ActiveCfg = Debug|Any CPU
		{A966ADA8-24DF-4E76-941D-FAA51CAF678A}.Debug|Any CPU.Build.0 = Debug|Any CPU
		{A966ADA8-24DF-4E76-941D-FAA51CAF678A}.Release|Any CPU.ActiveCfg = Release|Any CPU
		{A966ADA8-24DF-4E76-941D-FAA51CAF678A}.Release|Any CPU.Build.0 = Release|Any CPU
		{23CCC57C-C4FD-4A7E-B90B-D094C6BFBA42}.Debug|Any CPU.ActiveCfg = Debug|Any CPU
		{23CCC57C-C4FD-4A7E-B90B-D094C6BFBA42}.Debug|Any CPU.Build.0 = Debug|Any CPU
		{23CCC57C-C4FD-4A7E-B90B-D094C6BFBA42}.Release|Any CPU.ActiveCfg = Release|Any CPU
		{23CCC57C-C4FD-4A7E-B90B-D094C6BFBA42}.Release|Any CPU.Build.0 = Release|Any CPU
		{09C7514E-1BD2-41F7-A7AE-6F8D2A6BED48}.Debug|Any CPU.ActiveCfg = Debug|Any CPU
		{09C7514E-1BD2-41F7-A7AE-6F8D2A6BED48}.Debug|Any CPU.Build.0 = Debug|Any CPU
		{09C7514E-1BD2-41F7-A7AE-6F8D2A6BED48}.Release|Any CPU.ActiveCfg = Release|Any CPU
		{09C7514E-1BD2-41F7-A7AE-6F8D2A6BED48}.Release|Any CPU.Build.0 = Release|Any CPU
	EndGlobalSection
	GlobalSection(SolutionProperties) = preSolution
		HideSolutionNode = FALSE
	EndGlobalSection
	GlobalSection(ExtensibilityGlobals) = postSolution
		SolutionGuid = {585DCB36-DB14-4DAC-B21F-283D345866E3}
	EndGlobalSection
EndGlobal
